{
  "originHash" : "3d3d5b62ab4b0cda4cf54a7ae73b0f87a28c4fd3b48783158bd350c88f5d8f19",
  "pins" : [
    {
      "identity" : "swiftlintplugins",
      "kind" : "remoteSourceControl",
      "location" : "https://github.com/SimplyDanny/SwiftLintPlugins",
      "state" : {
        "revision" : "6166499ede0efe43c3809f101d2c3cd409e2b77a",
        "version" : "0.61.0"
      }
    }
  ],
  "version" : 3
}
